// !$*UTF8*$!
{
	archiveVersion = 1;
	classes = {
	};
	objectVersion = 55;
	objects = {

/* Begin PBXBuildFile section */
		A01C9069277512200098EEB8 /* AppDelegate.swift in Sources */ = {isa = PBXBuildFile; fileRef = A01C9068277512200098EEB8 /* AppDelegate.swift */; };
		A01C906B277512200098EEB8 /* SceneDelegate.swift in Sources */ = {isa = PBXBuildFile; fileRef = A01C906A277512200098EEB8 /* SceneDelegate.swift */; };
		A01C906D277512200098EEB8 /* ViewController.swift in Sources */ = {isa = PBXBuildFile; fileRef = A01C906C277512200098EEB8 /* ViewController.swift */; };
		A01C9070277512200098EEB8 /* Main.storyboard in Resources */ = {isa = PBXBuildFile; fileRef = A01C906E277512200098EEB8 /* Main.storyboard */; };
		A01C9072277512260098EEB8 /* Assets.xcassets in Resources */ = {isa = PBXBuildFile; fileRef = A01C9071277512260098EEB8 /* Assets.xcassets */; };
		A01C9075277512260098EEB8 /* LaunchScreen.storyboard in Resources */ = {isa = PBXBuildFile; fileRef = A01C9073277512260098EEB8 /* LaunchScreen.storyboard */; };
		A01C907F277514DE0098EEB8 /* GlobalExtension.swift in Sources */ = {isa = PBXBuildFile; fileRef = A01C907E277514DE0098EEB8 /* GlobalExtension.swift */; };
		A01C9082277514F30098EEB8 /* BaseCustomView.swift in Sources */ = {isa = PBXBuildFile; fileRef = A01C9081277514F30098EEB8 /* BaseCustomView.swift */; };
		A01C9086277515B80098EEB8 /* BaseViewController.swift in Sources */ = {isa = PBXBuildFile; fileRef = A01C9085277515B80098EEB8 /* BaseViewController.swift */; };
		A01C908D27751A630098EEB8 /* BaseTabBarViewController.swift in Sources */ = {isa = PBXBuildFile; fileRef = A01C908C27751A630098EEB8 /* BaseTabBarViewController.swift */; };
		A01C908F2776F2420098EEB8 /* UIColorExtention.swift in Sources */ = {isa = PBXBuildFile; fileRef = A01C908E2776F2420098EEB8 /* UIColorExtention.swift */; };
		A01C9092277767BE0098EEB8 /* TabBarViewControllerConfig.swift in Sources */ = {isa = PBXBuildFile; fileRef = A01C9091277767BE0098EEB8 /* TabBarViewControllerConfig.swift */; };
		A01C909427776AD90098EEB8 /* TabBarViewController.swift in Sources */ = {isa = PBXBuildFile; fileRef = A01C909327776AD90098EEB8 /* TabBarViewController.swift */; };
		A01C909727776DE50098EEB8 /* BaseNavigationController.swift in Sources */ = {isa = PBXBuildFile; fileRef = A01C909627776DE50098EEB8 /* BaseNavigationController.swift */; };
		A01C90AF277785CF0098EEB8 /* Localizable.strings in Resources */ = {isa = PBXBuildFile; fileRef = A01C90B1277785CF0098EEB8 /* Localizable.strings */; };
		A01C90B4277787900098EEB8 /* StringExtension.swift in Sources */ = {isa = PBXBuildFile; fileRef = A01C90B3277787900098EEB8 /* StringExtension.swift */; };
		A01C90B7277788B60098EEB8 /* SettingsViewController.swift in Sources */ = {isa = PBXBuildFile; fileRef = A01C90B5277788B60098EEB8 /* SettingsViewController.swift */; };
		A01C90B8277788B60098EEB8 /* SettingsViewController.xib in Resources */ = {isa = PBXBuildFile; fileRef = A01C90B6277788B60098EEB8 /* SettingsViewController.xib */; };
		A01C90BE27778B340098EEB8 /* SettingsTableCellConfig.swift in Sources */ = {isa = PBXBuildFile; fileRef = A01C90BD27778B340098EEB8 /* SettingsTableCellConfig.swift */; };
		A01C90C227779DD90098EEB8 /* SettingsTableViewCell.swift in Sources */ = {isa = PBXBuildFile; fileRef = A01C90C027779DD80098EEB8 /* SettingsTableViewCell.swift */; };
		A01C90C327779DD90098EEB8 /* SettingsTableViewCell.xib in Resources */ = {isa = PBXBuildFile; fileRef = A01C90C127779DD80098EEB8 /* SettingsTableViewCell.xib */; };
		A01C90C62778182A0098EEB8 /* CommonCommand.swift in Sources */ = {isa = PBXBuildFile; fileRef = A01C90C52778182A0098EEB8 /* CommonCommand.swift */; };
		A01C90CE277818C90098EEB8 /* VideoSettingsViewController.swift in Sources */ = {isa = PBXBuildFile; fileRef = A01C90CC277818C90098EEB8 /* VideoSettingsViewController.swift */; };
		A01C90CF277818C90098EEB8 /* VideoSettingsViewController.xib in Resources */ = {isa = PBXBuildFile; fileRef = A01C90CD277818C90098EEB8 /* VideoSettingsViewController.xib */; };
		A01C90D127781A210098EEB8 /* UIViewExtension.swift in Sources */ = {isa = PBXBuildFile; fileRef = A01C90D027781A210098EEB8 /* UIViewExtension.swift */; };
		A01C90D427781D8F0098EEB8 /* VideoSetting.swift in Sources */ = {isa = PBXBuildFile; fileRef = A01C90D327781D8F0098EEB8 /* VideoSetting.swift */; };
		A032736427783F18008A138C /* TableViewCellWithLabel.swift in Sources */ = {isa = PBXBuildFile; fileRef = A032736227783F18008A138C /* TableViewCellWithLabel.swift */; };
		A032736527783F18008A138C /* TableViewCellWithLabel.xib in Resources */ = {isa = PBXBuildFile; fileRef = A032736327783F18008A138C /* TableViewCellWithLabel.xib */; };
		A0327368277845C9008A138C /* SetVideoSettingsCommand.swift in Sources */ = {isa = PBXBuildFile; fileRef = A0327367277845C9008A138C /* SetVideoSettingsCommand.swift */; };
		A032736B27784646008A138C /* UserSettingsManager.swift in Sources */ = {isa = PBXBuildFile; fileRef = A032736A27784646008A138C /* UserSettingsManager.swift */; };
		A032736D277846FA008A138C /* SetDefaultCommands.swift in Sources */ = {isa = PBXBuildFile; fileRef = A032736C277846FA008A138C /* SetDefaultCommands.swift */; };
		A03273702778526E008A138C /* LanguageSelectionViewController.swift in Sources */ = {isa = PBXBuildFile; fileRef = A032736E2778526E008A138C /* LanguageSelectionViewController.swift */; };
		A03273712778526E008A138C /* LanguageSelectionViewController.xib in Resources */ = {isa = PBXBuildFile; fileRef = A032736F2778526E008A138C /* LanguageSelectionViewController.xib */; };
		A032737427785497008A138C /* Languages.swift in Sources */ = {isa = PBXBuildFile; fileRef = A032737327785497008A138C /* Languages.swift */; };
		A08153A627785EEF00AADED9 /* LanguageManager.swift in Sources */ = {isa = PBXBuildFile; fileRef = A08153A527785EEF00AADED9 /* LanguageManager.swift */; };
		A08153A827785FCC00AADED9 /* DoneCommand.swift in Sources */ = {isa = PBXBuildFile; fileRef = A08153A727785FCC00AADED9 /* DoneCommand.swift */; };
		A08153AB277869E200AADED9 /* HelpViewController.swift in Sources */ = {isa = PBXBuildFile; fileRef = A08153A9277869E200AADED9 /* HelpViewController.swift */; };
		A08153AC277869E200AADED9 /* HelpViewController.xib in Resources */ = {isa = PBXBuildFile; fileRef = A08153AA277869E200AADED9 /* HelpViewController.xib */; };
		A08153AF2778948000AADED9 /* AboutViewController.swift in Sources */ = {isa = PBXBuildFile; fileRef = A08153AD2778948000AADED9 /* AboutViewController.swift */; };
		A08153B02778948000AADED9 /* AboutViewController.xib in Resources */ = {isa = PBXBuildFile; fileRef = A08153AE2778948000AADED9 /* AboutViewController.xib */; };
/* End PBXBuildFile section */

/* Begin PBXFileReference section */
		A01C9065277512200098EEB8 /* teleprom-ios.app */ = {isa = PBXFileReference; explicitFileType = wrapper.application; includeInIndex = 0; path = "teleprom-ios.app"; sourceTree = BUILT_PRODUCTS_DIR; };
		A01C9068277512200098EEB8 /* AppDelegate.swift */ = {isa = PBXFileReference; lastKnownFileType = sourcecode.swift; path = AppDelegate.swift; sourceTree = "<group>"; };
		A01C906A277512200098EEB8 /* SceneDelegate.swift */ = {isa = PBXFileReference; lastKnownFileType = sourcecode.swift; path = SceneDelegate.swift; sourceTree = "<group>"; };
		A01C906C277512200098EEB8 /* ViewController.swift */ = {isa = PBXFileReference; lastKnownFileType = sourcecode.swift; path = ViewController.swift; sourceTree = "<group>"; };
		A01C906F277512200098EEB8 /* Base */ = {isa = PBXFileReference; lastKnownFileType = file.storyboard; name = Base; path = Base.lproj/Main.storyboard; sourceTree = "<group>"; };
		A01C9071277512260098EEB8 /* Assets.xcassets */ = {isa = PBXFileReference; lastKnownFileType = folder.assetcatalog; path = Assets.xcassets; sourceTree = "<group>"; };
		A01C9074277512260098EEB8 /* Base */ = {isa = PBXFileReference; lastKnownFileType = file.storyboard; name = Base; path = Base.lproj/LaunchScreen.storyboard; sourceTree = "<group>"; };
		A01C9076277512260098EEB8 /* Info.plist */ = {isa = PBXFileReference; lastKnownFileType = text.plist.xml; path = Info.plist; sourceTree = "<group>"; };
		A01C907E277514DE0098EEB8 /* GlobalExtension.swift */ = {isa = PBXFileReference; lastKnownFileType = sourcecode.swift; path = GlobalExtension.swift; sourceTree = "<group>"; };
		A01C9081277514F30098EEB8 /* BaseCustomView.swift */ = {isa = PBXFileReference; lastKnownFileType = sourcecode.swift; path = BaseCustomView.swift; sourceTree = "<group>"; };
		A01C9085277515B80098EEB8 /* BaseViewController.swift */ = {isa = PBXFileReference; lastKnownFileType = sourcecode.swift; path = BaseViewController.swift; sourceTree = "<group>"; };
		A01C908C27751A630098EEB8 /* BaseTabBarViewController.swift */ = {isa = PBXFileReference; lastKnownFileType = sourcecode.swift; path = BaseTabBarViewController.swift; sourceTree = "<group>"; };
		A01C908E2776F2420098EEB8 /* UIColorExtention.swift */ = {isa = PBXFileReference; lastKnownFileType = sourcecode.swift; path = UIColorExtention.swift; sourceTree = "<group>"; };
		A01C9091277767BE0098EEB8 /* TabBarViewControllerConfig.swift */ = {isa = PBXFileReference; lastKnownFileType = sourcecode.swift; path = TabBarViewControllerConfig.swift; sourceTree = "<group>"; };
		A01C909327776AD90098EEB8 /* TabBarViewController.swift */ = {isa = PBXFileReference; lastKnownFileType = sourcecode.swift; path = TabBarViewController.swift; sourceTree = "<group>"; };
		A01C909627776DE50098EEB8 /* BaseNavigationController.swift */ = {isa = PBXFileReference; lastKnownFileType = sourcecode.swift; path = BaseNavigationController.swift; sourceTree = "<group>"; };
		A01C90AD277785B00098EEB8 /* ru */ = {isa = PBXFileReference; lastKnownFileType = text.plist.strings; name = ru; path = ru.lproj/Main.strings; sourceTree = "<group>"; };
		A01C90AE277785B00098EEB8 /* ru */ = {isa = PBXFileReference; lastKnownFileType = text.plist.strings; name = ru; path = ru.lproj/LaunchScreen.strings; sourceTree = "<group>"; };
		A01C90B0277785CF0098EEB8 /* en */ = {isa = PBXFileReference; lastKnownFileType = text.plist.strings; name = en; path = en.lproj/Localizable.strings; sourceTree = "<group>"; };
		A01C90B2277785DC0098EEB8 /* ru */ = {isa = PBXFileReference; lastKnownFileType = text.plist.strings; name = ru; path = ru.lproj/Localizable.strings; sourceTree = "<group>"; };
		A01C90B3277787900098EEB8 /* StringExtension.swift */ = {isa = PBXFileReference; lastKnownFileType = sourcecode.swift; path = StringExtension.swift; sourceTree = "<group>"; };
		A01C90B5277788B60098EEB8 /* SettingsViewController.swift */ = {isa = PBXFileReference; lastKnownFileType = sourcecode.swift; path = SettingsViewController.swift; sourceTree = "<group>"; };
		A01C90B6277788B60098EEB8 /* SettingsViewController.xib */ = {isa = PBXFileReference; lastKnownFileType = file.xib; path = SettingsViewController.xib; sourceTree = "<group>"; };
		A01C90BD27778B340098EEB8 /* SettingsTableCellConfig.swift */ = {isa = PBXFileReference; lastKnownFileType = sourcecode.swift; path = SettingsTableCellConfig.swift; sourceTree = "<group>"; };
		A01C90C027779DD80098EEB8 /* SettingsTableViewCell.swift */ = {isa = PBXFileReference; lastKnownFileType = sourcecode.swift; path = SettingsTableViewCell.swift; sourceTree = "<group>"; };
		A01C90C127779DD80098EEB8 /* SettingsTableViewCell.xib */ = {isa = PBXFileReference; lastKnownFileType = file.xib; path = SettingsTableViewCell.xib; sourceTree = "<group>"; };
		A01C90C52778182A0098EEB8 /* CommonCommand.swift */ = {isa = PBXFileReference; lastKnownFileType = sourcecode.swift; path = CommonCommand.swift; sourceTree = "<group>"; };
		A01C90CC277818C90098EEB8 /* VideoSettingsViewController.swift */ = {isa = PBXFileReference; lastKnownFileType = sourcecode.swift; path = VideoSettingsViewController.swift; sourceTree = "<group>"; };
		A01C90CD277818C90098EEB8 /* VideoSettingsViewController.xib */ = {isa = PBXFileReference; lastKnownFileType = file.xib; path = VideoSettingsViewController.xib; sourceTree = "<group>"; };
		A01C90D027781A210098EEB8 /* UIViewExtension.swift */ = {isa = PBXFileReference; lastKnownFileType = sourcecode.swift; path = UIViewExtension.swift; sourceTree = "<group>"; };
		A01C90D327781D8F0098EEB8 /* VideoSetting.swift */ = {isa = PBXFileReference; lastKnownFileType = sourcecode.swift; path = VideoSetting.swift; sourceTree = "<group>"; };
		A032736227783F18008A138C /* TableViewCellWithLabel.swift */ = {isa = PBXFileReference; lastKnownFileType = sourcecode.swift; path = TableViewCellWithLabel.swift; sourceTree = "<group>"; };
		A032736327783F18008A138C /* TableViewCellWithLabel.xib */ = {isa = PBXFileReference; lastKnownFileType = file.xib; path = TableViewCellWithLabel.xib; sourceTree = "<group>"; };
		A0327367277845C9008A138C /* SetVideoSettingsCommand.swift */ = {isa = PBXFileReference; lastKnownFileType = sourcecode.swift; path = SetVideoSettingsCommand.swift; sourceTree = "<group>"; };
		A032736A27784646008A138C /* UserSettingsManager.swift */ = {isa = PBXFileReference; lastKnownFileType = sourcecode.swift; path = UserSettingsManager.swift; sourceTree = "<group>"; };
		A032736C277846FA008A138C /* SetDefaultCommands.swift */ = {isa = PBXFileReference; lastKnownFileType = sourcecode.swift; path = SetDefaultCommands.swift; sourceTree = "<group>"; };
		A032736E2778526E008A138C /* LanguageSelectionViewController.swift */ = {isa = PBXFileReference; lastKnownFileType = sourcecode.swift; path = LanguageSelectionViewController.swift; sourceTree = "<group>"; };
		A032736F2778526E008A138C /* LanguageSelectionViewController.xib */ = {isa = PBXFileReference; lastKnownFileType = file.xib; path = LanguageSelectionViewController.xib; sourceTree = "<group>"; };
		A032737327785497008A138C /* Languages.swift */ = {isa = PBXFileReference; lastKnownFileType = sourcecode.swift; path = Languages.swift; sourceTree = "<group>"; };
		A08153A527785EEF00AADED9 /* LanguageManager.swift */ = {isa = PBXFileReference; lastKnownFileType = sourcecode.swift; path = LanguageManager.swift; sourceTree = "<group>"; };
		A08153A727785FCC00AADED9 /* DoneCommand.swift */ = {isa = PBXFileReference; lastKnownFileType = sourcecode.swift; path = DoneCommand.swift; sourceTree = "<group>"; };
		A08153A9277869E200AADED9 /* HelpViewController.swift */ = {isa = PBXFileReference; lastKnownFileType = sourcecode.swift; path = HelpViewController.swift; sourceTree = "<group>"; };
		A08153AA277869E200AADED9 /* HelpViewController.xib */ = {isa = PBXFileReference; lastKnownFileType = file.xib; path = HelpViewController.xib; sourceTree = "<group>"; };
		A08153AD2778948000AADED9 /* AboutViewController.swift */ = {isa = PBXFileReference; lastKnownFileType = sourcecode.swift; path = AboutViewController.swift; sourceTree = "<group>"; };
		A08153AE2778948000AADED9 /* AboutViewController.xib */ = {isa = PBXFileReference; lastKnownFileType = file.xib; path = AboutViewController.xib; sourceTree = "<group>"; };
/* End PBXFileReference section */

/* Begin PBXFrameworksBuildPhase section */
		A01C9062277512200098EEB8 /* Frameworks */ = {
			isa = PBXFrameworksBuildPhase;
			buildActionMask = 2147483647;
			files = (
			);
			runOnlyForDeploymentPostprocessing = 0;
		};
/* End PBXFrameworksBuildPhase section */

/* Begin PBXGroup section */
		A01C905C277512200098EEB8 = {
			isa = PBXGroup;
			children = (
				A01C9067277512200098EEB8 /* teleprom-ios */,
				A01C9066277512200098EEB8 /* Products */,
			);
			sourceTree = "<group>";
		};
		A01C9066277512200098EEB8 /* Products */ = {
			isa = PBXGroup;
			children = (
				A01C9065277512200098EEB8 /* teleprom-ios.app */,
			);
			name = Products;
			sourceTree = "<group>";
		};
		A01C9067277512200098EEB8 /* teleprom-ios */ = {
			isa = PBXGroup;
			children = (
				A01C909E277781720098EEB8 /* Localization */,
				A01C907D277514CC0098EEB8 /* Main */,
				A01C907C277514990098EEB8 /* Supporting files */,
				A01C9076277512260098EEB8 /* Info.plist */,
			);
			path = "teleprom-ios";
			sourceTree = "<group>";
		};
		A01C907C277514990098EEB8 /* Supporting files */ = {
			isa = PBXGroup;
			children = (
				A01C9068277512200098EEB8 /* AppDelegate.swift */,
				A01C906A277512200098EEB8 /* SceneDelegate.swift */,
				A01C906C277512200098EEB8 /* ViewController.swift */,
				A01C906E277512200098EEB8 /* Main.storyboard */,
				A01C9071277512260098EEB8 /* Assets.xcassets */,
				A01C9073277512260098EEB8 /* LaunchScreen.storyboard */,
			);
			path = "Supporting files";
			sourceTree = "<group>";
		};
		A01C907D277514CC0098EEB8 /* Main */ = {
			isa = PBXGroup;
			children = (
				A01C908927751A350098EEB8 /* Base */,
				A01C908B27751A500098EEB8 /* TabBar */,
				A01C909927776EFC0098EEB8 /* Settings */,
			);
			path = Main;
			sourceTree = "<group>";
		};
		A01C9080277514E20098EEB8 /* Extensions */ = {
			isa = PBXGroup;
			children = (
				A01C907E277514DE0098EEB8 /* GlobalExtension.swift */,
				A01C908E2776F2420098EEB8 /* UIColorExtention.swift */,
				A01C90B3277787900098EEB8 /* StringExtension.swift */,
				A01C90D027781A210098EEB8 /* UIViewExtension.swift */,
			);
			path = Extensions;
			sourceTree = "<group>";
		};
		A01C9083277514FA0098EEB8 /* Views */ = {
			isa = PBXGroup;
			children = (
				A01C9081277514F30098EEB8 /* BaseCustomView.swift */,
			);
			path = Views;
			sourceTree = "<group>";
		};
		A01C9084277515AA0098EEB8 /* Controllers */ = {
			isa = PBXGroup;
			children = (
				A01C908C27751A630098EEB8 /* BaseTabBarViewController.swift */,
				A01C9085277515B80098EEB8 /* BaseViewController.swift */,
				A01C909627776DE50098EEB8 /* BaseNavigationController.swift */,
			);
			path = Controllers;
			sourceTree = "<group>";
		};
		A01C908927751A350098EEB8 /* Base */ = {
			isa = PBXGroup;
			children = (
				A03273692778462F008A138C /* Managers */,
				A01C90C42778181C0098EEB8 /* Commands */,
				A01C909527776B180098EEB8 /* Models */,
				A01C9084277515AA0098EEB8 /* Controllers */,
				A01C9080277514E20098EEB8 /* Extensions */,
				A01C9083277514FA0098EEB8 /* Views */,
			);
			path = Base;
			sourceTree = "<group>";
		};
		A01C908B27751A500098EEB8 /* TabBar */ = {
			isa = PBXGroup;
			children = (
				A01C9090277767AF0098EEB8 /* Models */,
				A01C909327776AD90098EEB8 /* TabBarViewController.swift */,
			);
			path = TabBar;
			sourceTree = "<group>";
		};
		A01C9090277767AF0098EEB8 /* Models */ = {
			isa = PBXGroup;
			children = (
			);
			path = Models;
			sourceTree = "<group>";
		};
		A01C909527776B180098EEB8 /* Models */ = {
			isa = PBXGroup;
			children = (
				A01C9091277767BE0098EEB8 /* TabBarViewControllerConfig.swift */,
			);
			path = Models;
			sourceTree = "<group>";
		};
		A01C909927776EFC0098EEB8 /* Settings */ = {
			isa = PBXGroup;
			children = (
				A01C90C7277818580098EEB8 /* SettingsViewController */,
				A01C90C8277818760098EEB8 /* VideoSettingsViewController */,
				A01C90C92778188A0098EEB8 /* LanguageSelectViewController */,
				A01C90CA277818990098EEB8 /* HelpViewController */,
				A01C90CB277818A30098EEB8 /* AboutViewController */,
			);
			path = Settings;
			sourceTree = "<group>";
		};
		A01C909E277781720098EEB8 /* Localization */ = {
			isa = PBXGroup;
			children = (
				A01C90B1277785CF0098EEB8 /* Localizable.strings */,
			);
			path = Localization;
			sourceTree = "<group>";
		};
		A01C90B927778AB30098EEB8 /* Models */ = {
			isa = PBXGroup;
			children = (
				A01C90BD27778B340098EEB8 /* SettingsTableCellConfig.swift */,
			);
			path = Models;
			sourceTree = "<group>";
		};
		A01C90BF27779D760098EEB8 /* Cells */ = {
			isa = PBXGroup;
			children = (
				A01C90C027779DD80098EEB8 /* SettingsTableViewCell.swift */,
				A01C90C127779DD80098EEB8 /* SettingsTableViewCell.xib */,
			);
			path = Cells;
			sourceTree = "<group>";
		};
		A01C90C42778181C0098EEB8 /* Commands */ = {
			isa = PBXGroup;
			children = (
				A01C90C52778182A0098EEB8 /* CommonCommand.swift */,
				A0327367277845C9008A138C /* SetVideoSettingsCommand.swift */,
				A032736C277846FA008A138C /* SetDefaultCommands.swift */,
				A08153A727785FCC00AADED9 /* DoneCommand.swift */,
			);
			path = Commands;
			sourceTree = "<group>";
		};
		A01C90C7277818580098EEB8 /* SettingsViewController */ = {
			isa = PBXGroup;
			children = (
				A01C90BF27779D760098EEB8 /* Cells */,
				A01C90B927778AB30098EEB8 /* Models */,
				A01C90B5277788B60098EEB8 /* SettingsViewController.swift */,
				A01C90B6277788B60098EEB8 /* SettingsViewController.xib */,
			);
			path = SettingsViewController;
			sourceTree = "<group>";
		};
		A01C90C8277818760098EEB8 /* VideoSettingsViewController */ = {
			isa = PBXGroup;
			children = (
				A032735F27783EDC008A138C /* Cells */,
				A01C90CC277818C90098EEB8 /* VideoSettingsViewController.swift */,
				A01C90CD277818C90098EEB8 /* VideoSettingsViewController.xib */,
				A01C90D227781D840098EEB8 /* Enums */,
			);
			path = VideoSettingsViewController;
			sourceTree = "<group>";
		};
		A01C90C92778188A0098EEB8 /* LanguageSelectViewController */ = {
			isa = PBXGroup;
			children = (
				A032737227785481008A138C /* Enums */,
				A032736E2778526E008A138C /* LanguageSelectionViewController.swift */,
				A032736F2778526E008A138C /* LanguageSelectionViewController.xib */,
			);
			path = LanguageSelectViewController;
			sourceTree = "<group>";
		};
		A01C90CA277818990098EEB8 /* HelpViewController */ = {
			isa = PBXGroup;
			children = (
				A08153A9277869E200AADED9 /* HelpViewController.swift */,
				A08153AA277869E200AADED9 /* HelpViewController.xib */,
			);
			path = HelpViewController;
			sourceTree = "<group>";
		};
		A01C90CB277818A30098EEB8 /* AboutViewController */ = {
			isa = PBXGroup;
			children = (
				A08153AD2778948000AADED9 /* AboutViewController.swift */,
				A08153AE2778948000AADED9 /* AboutViewController.xib */,
			);
			path = AboutViewController;
			sourceTree = "<group>";
		};
		A01C90D227781D840098EEB8 /* Enums */ = {
			isa = PBXGroup;
			children = (
				A01C90D327781D8F0098EEB8 /* VideoSetting.swift */,
			);
			path = Enums;
			sourceTree = "<group>";
		};
		A032735F27783EDC008A138C /* Cells */ = {
			isa = PBXGroup;
			children = (
				A032736227783F18008A138C /* TableViewCellWithLabel.swift */,
				A032736327783F18008A138C /* TableViewCellWithLabel.xib */,
			);
			path = Cells;
			sourceTree = "<group>";
		};
		A03273692778462F008A138C /* Managers */ = {
			isa = PBXGroup;
			children = (
				A032736A27784646008A138C /* UserSettingsManager.swift */,
				A08153A527785EEF00AADED9 /* LanguageManager.swift */,
			);
			path = Managers;
			sourceTree = "<group>";
		};
		A032737227785481008A138C /* Enums */ = {
			isa = PBXGroup;
			children = (
				A032737327785497008A138C /* Languages.swift */,
			);
			path = Enums;
			sourceTree = "<group>";
		};
/* End PBXGroup section */

/* Begin PBXNativeTarget section */
		A01C9064277512200098EEB8 /* teleprom-ios */ = {
			isa = PBXNativeTarget;
			buildConfigurationList = A01C9079277512260098EEB8 /* Build configuration list for PBXNativeTarget "teleprom-ios" */;
			buildPhases = (
				A01C9061277512200098EEB8 /* Sources */,
				A01C9062277512200098EEB8 /* Frameworks */,
				A01C9063277512200098EEB8 /* Resources */,
			);
			buildRules = (
			);
			dependencies = (
			);
			name = "teleprom-ios";
			productName = "teleprom-ios";
			productReference = A01C9065277512200098EEB8 /* teleprom-ios.app */;
			productType = "com.apple.product-type.application";
		};
/* End PBXNativeTarget section */

/* Begin PBXProject section */
		A01C905D277512200098EEB8 /* Project object */ = {
			isa = PBXProject;
			attributes = {
				BuildIndependentTargetsInParallel = 1;
				LastSwiftUpdateCheck = 1300;
				LastUpgradeCheck = 1300;
				TargetAttributes = {
					A01C9064277512200098EEB8 = {
						CreatedOnToolsVersion = 13.0;
					};
				};
			};
			buildConfigurationList = A01C9060277512200098EEB8 /* Build configuration list for PBXProject "teleprom-ios" */;
			compatibilityVersion = "Xcode 13.0";
			developmentRegion = en;
			hasScannedForEncodings = 0;
			knownRegions = (
				en,
				Base,
				ru,
			);
			mainGroup = A01C905C277512200098EEB8;
			productRefGroup = A01C9066277512200098EEB8 /* Products */;
			projectDirPath = "";
			projectRoot = "";
			targets = (
				A01C9064277512200098EEB8 /* teleprom-ios */,
			);
		};
/* End PBXProject section */

/* Begin PBXResourcesBuildPhase section */
		A01C9063277512200098EEB8 /* Resources */ = {
			isa = PBXResourcesBuildPhase;
			buildActionMask = 2147483647;
			files = (
				A01C90C327779DD90098EEB8 /* SettingsTableViewCell.xib in Resources */,
				A08153AC277869E200AADED9 /* HelpViewController.xib in Resources */,
				A03273712778526E008A138C /* LanguageSelectionViewController.xib in Resources */,
				A01C9075277512260098EEB8 /* LaunchScreen.storyboard in Resources */,
				A032736527783F18008A138C /* TableViewCellWithLabel.xib in Resources */,
				A01C90AF277785CF0098EEB8 /* Localizable.strings in Resources */,
				A01C9072277512260098EEB8 /* Assets.xcassets in Resources */,
				A01C9070277512200098EEB8 /* Main.storyboard in Resources */,
				A01C90B8277788B60098EEB8 /* SettingsViewController.xib in Resources */,
				A08153B02778948000AADED9 /* AboutViewController.xib in Resources */,
				A01C90CF277818C90098EEB8 /* VideoSettingsViewController.xib in Resources */,
			);
			runOnlyForDeploymentPostprocessing = 0;
		};
/* End PBXResourcesBuildPhase section */

/* Begin PBXSourcesBuildPhase section */
		A01C9061277512200098EEB8 /* Sources */ = {
			isa = PBXSourcesBuildPhase;
			buildActionMask = 2147483647;
			files = (
				A01C906D277512200098EEB8 /* ViewController.swift in Sources */,
				A08153A627785EEF00AADED9 /* LanguageManager.swift in Sources */,
				A01C90BE27778B340098EEB8 /* SettingsTableCellConfig.swift in Sources */,
				A01C9069277512200098EEB8 /* AppDelegate.swift in Sources */,
				A032736B27784646008A138C /* UserSettingsManager.swift in Sources */,
				A01C9092277767BE0098EEB8 /* TabBarViewControllerConfig.swift in Sources */,
				A01C90CE277818C90098EEB8 /* VideoSettingsViewController.swift in Sources */,
				A08153AB277869E200AADED9 /* HelpViewController.swift in Sources */,
				A01C9082277514F30098EEB8 /* BaseCustomView.swift in Sources */,
				A0327368277845C9008A138C /* SetVideoSettingsCommand.swift in Sources */,
				A08153A827785FCC00AADED9 /* DoneCommand.swift in Sources */,
				A01C90D127781A210098EEB8 /* UIViewExtension.swift in Sources */,
				A01C907F277514DE0098EEB8 /* GlobalExtension.swift in Sources */,
				A01C90C62778182A0098EEB8 /* CommonCommand.swift in Sources */,
				A01C908F2776F2420098EEB8 /* UIColorExtention.swift in Sources */,
				A01C908D27751A630098EEB8 /* BaseTabBarViewController.swift in Sources */,
				A01C90C227779DD90098EEB8 /* SettingsTableViewCell.swift in Sources */,
				A01C909727776DE50098EEB8 /* BaseNavigationController.swift in Sources */,
				A032736D277846FA008A138C /* SetDefaultCommands.swift in Sources */,
				A01C906B277512200098EEB8 /* SceneDelegate.swift in Sources */,
				A03273702778526E008A138C /* LanguageSelectionViewController.swift in Sources */,
				A032736427783F18008A138C /* TableViewCellWithLabel.swift in Sources */,
				A032737427785497008A138C /* Languages.swift in Sources */,
				A01C909427776AD90098EEB8 /* TabBarViewController.swift in Sources */,
				A01C90B7277788B60098EEB8 /* SettingsViewController.swift in Sources */,
				A01C90D427781D8F0098EEB8 /* VideoSetting.swift in Sources */,
				A08153AF2778948000AADED9 /* AboutViewController.swift in Sources */,
				A01C9086277515B80098EEB8 /* BaseViewController.swift in Sources */,
				A01C90B4277787900098EEB8 /* StringExtension.swift in Sources */,
			);
			runOnlyForDeploymentPostprocessing = 0;
		};
/* End PBXSourcesBuildPhase section */

/* Begin PBXVariantGroup section */
		A01C906E277512200098EEB8 /* Main.storyboard */ = {
			isa = PBXVariantGroup;
			children = (
				A01C906F277512200098EEB8 /* Base */,
				A01C90AD277785B00098EEB8 /* ru */,
			);
			name = Main.storyboard;
			sourceTree = "<group>";
		};
		A01C9073277512260098EEB8 /* LaunchScreen.storyboard */ = {
			isa = PBXVariantGroup;
			children = (
				A01C9074277512260098EEB8 /* Base */,
				A01C90AE277785B00098EEB8 /* ru */,
			);
			name = LaunchScreen.storyboard;
			sourceTree = "<group>";
		};
		A01C90B1277785CF0098EEB8 /* Localizable.strings */ = {
			isa = PBXVariantGroup;
			children = (
				A01C90B0277785CF0098EEB8 /* en */,
				A01C90B2277785DC0098EEB8 /* ru */,
			);
			name = Localizable.strings;
			sourceTree = "<group>";
		};
/* End PBXVariantGroup section */

/* Begin XCBuildConfiguration section */
		A01C9077277512260098EEB8 /* Debug */ = {
			isa = XCBuildConfiguration;
			buildSettings = {
				ALWAYS_SEARCH_USER_PATHS = NO;
				CLANG_ANALYZER_LOCALIZABILITY_NONLOCALIZED = YES;
				CLANG_ANALYZER_NONNULL = YES;
				CLANG_ANALYZER_NUMBER_OBJECT_CONVERSION = YES_AGGRESSIVE;
				CLANG_CXX_LANGUAGE_STANDARD = "gnu++17";
				CLANG_CXX_LIBRARY = "libc++";
				CLANG_ENABLE_MODULES = YES;
				CLANG_ENABLE_OBJC_ARC = YES;
				CLANG_ENABLE_OBJC_WEAK = YES;
				CLANG_WARN_BLOCK_CAPTURE_AUTORELEASING = YES;
				CLANG_WARN_BOOL_CONVERSION = YES;
				CLANG_WARN_COMMA = YES;
				CLANG_WARN_CONSTANT_CONVERSION = YES;
				CLANG_WARN_DEPRECATED_OBJC_IMPLEMENTATIONS = YES;
				CLANG_WARN_DIRECT_OBJC_ISA_USAGE = YES_ERROR;
				CLANG_WARN_DOCUMENTATION_COMMENTS = YES;
				CLANG_WARN_EMPTY_BODY = YES;
				CLANG_WARN_ENUM_CONVERSION = YES;
				CLANG_WARN_INFINITE_RECURSION = YES;
				CLANG_WARN_INT_CONVERSION = YES;
				CLANG_WARN_NON_LITERAL_NULL_CONVERSION = YES;
				CLANG_WARN_OBJC_IMPLICIT_RETAIN_SELF = YES;
				CLANG_WARN_OBJC_LITERAL_CONVERSION = YES;
				CLANG_WARN_OBJC_ROOT_CLASS = YES_ERROR;
				CLANG_WARN_QUOTED_INCLUDE_IN_FRAMEWORK_HEADER = YES;
				CLANG_WARN_RANGE_LOOP_ANALYSIS = YES;
				CLANG_WARN_STRICT_PROTOTYPES = YES;
				CLANG_WARN_SUSPICIOUS_MOVE = YES;
				CLANG_WARN_UNGUARDED_AVAILABILITY = YES_AGGRESSIVE;
				CLANG_WARN_UNREACHABLE_CODE = YES;
				CLANG_WARN__DUPLICATE_METHOD_MATCH = YES;
				COPY_PHASE_STRIP = NO;
				DEBUG_INFORMATION_FORMAT = dwarf;
				ENABLE_STRICT_OBJC_MSGSEND = YES;
				ENABLE_TESTABILITY = YES;
				GCC_C_LANGUAGE_STANDARD = gnu11;
				GCC_DYNAMIC_NO_PIC = NO;
				GCC_NO_COMMON_BLOCKS = YES;
				GCC_OPTIMIZATION_LEVEL = 0;
				GCC_PREPROCESSOR_DEFINITIONS = (
					"DEBUG=1",
					"$(inherited)",
				);
				GCC_WARN_64_TO_32_BIT_CONVERSION = YES;
				GCC_WARN_ABOUT_RETURN_TYPE = YES_ERROR;
				GCC_WARN_UNDECLARED_SELECTOR = YES;
				GCC_WARN_UNINITIALIZED_AUTOS = YES_AGGRESSIVE;
				GCC_WARN_UNUSED_FUNCTION = YES;
				GCC_WARN_UNUSED_VARIABLE = YES;
				IPHONEOS_DEPLOYMENT_TARGET = 13.1;
				MTL_ENABLE_DEBUG_INFO = INCLUDE_SOURCE;
				MTL_FAST_MATH = YES;
				ONLY_ACTIVE_ARCH = YES;
				SDKROOT = iphoneos;
				SWIFT_ACTIVE_COMPILATION_CONDITIONS = DEBUG;
				SWIFT_OPTIMIZATION_LEVEL = "-Onone";
			};
			name = Debug;
		};
		A01C9078277512260098EEB8 /* Release */ = {
			isa = XCBuildConfiguration;
			buildSettings = {
				ALWAYS_SEARCH_USER_PATHS = NO;
				CLANG_ANALYZER_LOCALIZABILITY_NONLOCALIZED = YES;
				CLANG_ANALYZER_NONNULL = YES;
				CLANG_ANALYZER_NUMBER_OBJECT_CONVERSION = YES_AGGRESSIVE;
				CLANG_CXX_LANGUAGE_STANDARD = "gnu++17";
				CLANG_CXX_LIBRARY = "libc++";
				CLANG_ENABLE_MODULES = YES;
				CLANG_ENABLE_OBJC_ARC = YES;
				CLANG_ENABLE_OBJC_WEAK = YES;
				CLANG_WARN_BLOCK_CAPTURE_AUTORELEASING = YES;
				CLANG_WARN_BOOL_CONVERSION = YES;
				CLANG_WARN_COMMA = YES;
				CLANG_WARN_CONSTANT_CONVERSION = YES;
				CLANG_WARN_DEPRECATED_OBJC_IMPLEMENTATIONS = YES;
				CLANG_WARN_DIRECT_OBJC_ISA_USAGE = YES_ERROR;
				CLANG_WARN_DOCUMENTATION_COMMENTS = YES;
				CLANG_WARN_EMPTY_BODY = YES;
				CLANG_WARN_ENUM_CONVERSION = YES;
				CLANG_WARN_INFINITE_RECURSION = YES;
				CLANG_WARN_INT_CONVERSION = YES;
				CLANG_WARN_NON_LITERAL_NULL_CONVERSION = YES;
				CLANG_WARN_OBJC_IMPLICIT_RETAIN_SELF = YES;
				CLANG_WARN_OBJC_LITERAL_CONVERSION = YES;
				CLANG_WARN_OBJC_ROOT_CLASS = YES_ERROR;
				CLANG_WARN_QUOTED_INCLUDE_IN_FRAMEWORK_HEADER = YES;
				CLANG_WARN_RANGE_LOOP_ANALYSIS = YES;
				CLANG_WARN_STRICT_PROTOTYPES = YES;
				CLANG_WARN_SUSPICIOUS_MOVE = YES;
				CLANG_WARN_UNGUARDED_AVAILABILITY = YES_AGGRESSIVE;
				CLANG_WARN_UNREACHABLE_CODE = YES;
				CLANG_WARN__DUPLICATE_METHOD_MATCH = YES;
				COPY_PHASE_STRIP = NO;
				DEBUG_INFORMATION_FORMAT = "dwarf-with-dsym";
				ENABLE_NS_ASSERTIONS = NO;
				ENABLE_STRICT_OBJC_MSGSEND = YES;
				GCC_C_LANGUAGE_STANDARD = gnu11;
				GCC_NO_COMMON_BLOCKS = YES;
				GCC_WARN_64_TO_32_BIT_CONVERSION = YES;
				GCC_WARN_ABOUT_RETURN_TYPE = YES_ERROR;
				GCC_WARN_UNDECLARED_SELECTOR = YES;
				GCC_WARN_UNINITIALIZED_AUTOS = YES_AGGRESSIVE;
				GCC_WARN_UNUSED_FUNCTION = YES;
				GCC_WARN_UNUSED_VARIABLE = YES;
				IPHONEOS_DEPLOYMENT_TARGET = 13.1;
				MTL_ENABLE_DEBUG_INFO = NO;
				MTL_FAST_MATH = YES;
				SDKROOT = iphoneos;
				SWIFT_COMPILATION_MODE = wholemodule;
				SWIFT_OPTIMIZATION_LEVEL = "-O";
				VALIDATE_PRODUCT = YES;
			};
			name = Release;
		};
		A01C907A277512260098EEB8 /* Debug */ = {
			isa = XCBuildConfiguration;
			buildSettings = {
				ASSETCATALOG_COMPILER_APPICON_NAME = AppIcon;
				ASSETCATALOG_COMPILER_GLOBAL_ACCENT_COLOR_NAME = AccentColor;
				CODE_SIGN_STYLE = Automatic;
				CURRENT_PROJECT_VERSION = 1;
				DEVELOPMENT_TEAM = QJU8QY9SND;
				GENERATE_INFOPLIST_FILE = YES;
				INFOPLIST_FILE = "teleprom-ios/Info.plist";
				INFOPLIST_KEY_UIApplicationSupportsIndirectInputEvents = YES;
				INFOPLIST_KEY_UILaunchStoryboardName = LaunchScreen;
				INFOPLIST_KEY_UIMainStoryboardFile = Main;
				INFOPLIST_KEY_UISupportedInterfaceOrientations_iPad = "UIInterfaceOrientationPortrait UIInterfaceOrientationPortraitUpsideDown UIInterfaceOrientationLandscapeLeft UIInterfaceOrientationLandscapeRight";
				INFOPLIST_KEY_UISupportedInterfaceOrientations_iPhone = "UIInterfaceOrientationPortrait UIInterfaceOrientationLandscapeLeft UIInterfaceOrientationLandscapeRight";
				IPHONEOS_DEPLOYMENT_TARGET = 13.0;
				LD_RUNPATH_SEARCH_PATHS = (
					"$(inherited)",
					"@executable_path/Frameworks",
				);
				MARKETING_VERSION = 1.0;
				PRODUCT_BUNDLE_IDENTIFIER = "tigran.teleprom-ios";
				PRODUCT_NAME = "$(TARGET_NAME)";
				SWIFT_EMIT_LOC_STRINGS = YES;
				SWIFT_VERSION = 5.0;
				TARGETED_DEVICE_FAMILY = "1,2";
			};
			name = Debug;
		};
		A01C907B277512260098EEB8 /* Release */ = {
			isa = XCBuildConfiguration;
			buildSettings = {
				ASSETCATALOG_COMPILER_APPICON_NAME = AppIcon;
				ASSETCATALOG_COMPILER_GLOBAL_ACCENT_COLOR_NAME = AccentColor;
				CODE_SIGN_STYLE = Automatic;
				CURRENT_PROJECT_VERSION = 1;
				DEVELOPMENT_TEAM = QJU8QY9SND;
				GENERATE_INFOPLIST_FILE = YES;
				INFOPLIST_FILE = "teleprom-ios/Info.plist";
				INFOPLIST_KEY_UIApplicationSupportsIndirectInputEvents = YES;
				INFOPLIST_KEY_UILaunchStoryboardName = LaunchScreen;
				INFOPLIST_KEY_UIMainStoryboardFile = Main;
				INFOPLIST_KEY_UISupportedInterfaceOrientations_iPad = "UIInterfaceOrientationPortrait UIInterfaceOrientationPortraitUpsideDown UIInterfaceOrientationLandscapeLeft UIInterfaceOrientationLandscapeRight";
				INFOPLIST_KEY_UISupportedInterfaceOrientations_iPhone = "UIInterfaceOrientationPortrait UIInterfaceOrientationLandscapeLeft UIInterfaceOrientationLandscapeRight";
				IPHONEOS_DEPLOYMENT_TARGET = 13.0;
				LD_RUNPATH_SEARCH_PATHS = (
					"$(inherited)",
					"@executable_path/Frameworks",
				);
				MARKETING_VERSION = 1.0;
				PRODUCT_BUNDLE_IDENTIFIER = "tigran.teleprom-ios";
				PRODUCT_NAME = "$(TARGET_NAME)";
				SWIFT_EMIT_LOC_STRINGS = YES;
				SWIFT_VERSION = 5.0;
				TARGETED_DEVICE_FAMILY = "1,2";
			};
			name = Release;
		};
/* End XCBuildConfiguration section */

/* Begin XCConfigurationList section */
		A01C9060277512200098EEB8 /* Build configuration list for PBXProject "teleprom-ios" */ = {
			isa = XCConfigurationList;
			buildConfigurations = (
				A01C9077277512260098EEB8 /* Debug */,
				A01C9078277512260098EEB8 /* Release */,
			);
			defaultConfigurationIsVisible = 0;
			defaultConfigurationName = Release;
		};
		A01C9079277512260098EEB8 /* Build configuration list for PBXNativeTarget "teleprom-ios" */ = {
			isa = XCConfigurationList;
			buildConfigurations = (
				A01C907A277512260098EEB8 /* Debug */,
				A01C907B277512260098EEB8 /* Release */,
			);
			defaultConfigurationIsVisible = 0;
			defaultConfigurationName = Release;
		};
/* End XCConfigurationList section */
	};
	rootObject = A01C905D277512200098EEB8 /* Project object */;
}
